github.com/cobratbq/goutils v0.0.0-20230802185225-d540f72572df h1:UIzkAa2q6TTVnC4Q4OYB2T2RmareW8XQumR49KMiR34=
github.com/cobratbq/goutils v0.0.0-20230802185225-d540f72572df/go.mod h1:ZQi9/vUKrqj15zquA2rL9QRXIumlYduVScl5lvS5fsc=
golang.org/x/net v0.13.0 h1:Nvo8UFsZ8X3BhAC9699Z1j7XQ3rsZnUUm7jfBEk1ueY=
golang.org/x/net v0.13.0/go.mod h1:zEVYFnQC7m/vmpQFELhcD1EWkZlX69l4oqgmer6hfKA=
