github.com/cobratbq/goutils v0.0.0-20230802185225-d540f72572df h1:UIzkAa2q6TTVnC4Q4OYB2T2RmareW8XQumR49KMiR34=
github.com/cobratbq/goutils v0.0.0-20230802185225-d540f72572df/go.mod h1:ZQi9/vUKrqj15zquA2rL9QRXIumlYduVScl5lvS5fsc=
github.com/cobratbq/goutils v0.0.0-20231211204757-91366acbc19b h1:/7jEolPcRduOgMyy5Rcmjn/c1ofiq7Jh1EUEb/Pz628=
github.com/cobratbq/goutils v0.0.0-20231211204757-91366acbc19b/go.mod h1:ZQi9/vUKrqj15zquA2rL9QRXIumlYduVScl5lvS5fsc=
github.com/cobratbq/goutils v0.0.0-20240617174750-7c91075dc8a1 h1:Y/kx0A89Pkt8shCbiUmdI7h3rn2NjAsQJ7jmwy6qNn8=
github.com/cobratbq/goutils v0.0.0-20240617174750-7c91075dc8a1/go.mod h1:ZQi9/vUKrqj15zquA2rL9QRXIumlYduVScl5lvS5fsc=
github.com/cobratbq/goutils v0.0.0-20241026021411-4359d654fc62 h1:2oWpte9OtAL1iwzBQP8AF5sDi/BuSBSq2ec6dtPSk88=
github.com/cobratbq/goutils v0.0.0-20241026021411-4359d654fc62/go.mod h1:ZQi9/vUKrqj15zquA2rL9QRXIumlYduVScl5lvS5fsc=
github.com/cobratbq/goutils v0.0.0-20241201184206-c6af5f6d69cb h1:n0zONAffW5wVyzK0S61Qs7aRNWCzU1G4XR/ZFfgcSKk=
github.com/cobratbq/goutils v0.0.0-20241201184206-c6af5f6d69cb/go.mod h1:R3RuxFTWkwhpJtqQdku1cJqyeSuE4VboBT6H/gmLuHY=
golang.org/x/net v0.17.0 h1:pVaXccu2ozPjCXewfr1S7xza/zcXTity9cCdXQYSjIM=
golang.org/x/net v0.17.0/go.mod h1:NxSsAGuq816PNPmqtQdLE42eU2Fs7NoRIZrHJAlaCOE=
golang.org/x/net v0.20.0 h1:aCL9BSgETF1k+blQaYUBx9hJ9LOGP3gAVemcZlf1Kpo=
golang.org/x/net v0.20.0/go.mod h1:z8BVo6PvndSri0LbOE3hAn0apkU+1YvI6E70E9jsnvY=
golang.org/x/net v0.31.0 h1:68CPQngjLL0r2AlUKiSxtQFKvzRVbnzLwMUn5SzcLHo=
golang.org/x/net v0.31.0/go.mod h1:P4fl1q7dY2hnZFxEk4pPSkDHF+QqjitcnDjUQyMM+pM=
golang.org/x/net v0.32.0 h1:ZqPmj8Kzc+Y6e0+skZsuACbx+wzMgo5MQsJh9Qd6aYI=
golang.org/x/net v0.32.0/go.mod h1:CwU0IoeOlnQQWJ6ioyFrfRuomB8GKF6KbYXZVyeXNfs=
