github.com/cobratbq/goutils v0.0.0-20250722171413-0758cb839a89 h1:ICq54rjB65p2jjg4ZINukZPuWIR7we/EGNXsegDgUcQ=
github.com/cobratbq/goutils v0.0.0-20250722171413-0758cb839a89/go.mod h1:R3RuxFTWkwhpJtqQdku1cJqyeSuE4VboBT6H/gmLuHY=
golang.org/x/net v0.41.0 h1:vBTly1HeNPEn3wtREYfy4GZ/NECgw2Cnl+nK6Nz3uvw=
golang.org/x/net v0.41.0/go.mod h1:B/K4NNqkfmg07DQYrbwvSluqCJOOXwUjeb/5lOisjbA=
